# This file is automatically @generated by Poetry 2.2.1 and should not be changed by hand.

[[package]]
name = "black"
version = "25.9.0"
description = "The uncompromising code formatter."
optional = false
python-versions = ">=3.9"
groups = ["main"]
files = [
    {file = "black-25.9.0-cp310-cp310-macosx_10_9_x86_64.whl", hash = "sha256:ce41ed2614b706fd55fd0b4a6909d06b5bab344ffbfadc6ef34ae50adba3d4f7"},
    {file = "black-25.9.0-cp310-cp310-macosx_11_0_arm64.whl", hash = "sha256:2ab0ce111ef026790e9b13bd216fa7bc48edd934ffc4cbf78808b235793cbc92"},
    {file = "black-25.9.0-cp310-cp310-manylinux_2_17_x86_64.manylinux2014_x86_64.manylinux_2_28_x86_64.whl", hash = "sha256:f96b6726d690c96c60ba682955199f8c39abc1ae0c3a494a9c62c0184049a713"},
    {file = "black-25.9.0-cp310-cp310-win_amd64.whl", hash = "sha256:d119957b37cc641596063cd7db2656c5be3752ac17877017b2ffcdb9dfc4d2b1"},
    {file = "black-25.9.0-cp311-cp311-macosx_10_9_x86_64.whl", hash = "sha256:456386fe87bad41b806d53c062e2974615825c7a52159cde7ccaeb0695fa28fa"},
    {file = "black-25.9.0-cp311-cp311-macosx_11_0_arm64.whl", hash = "sha256:a16b14a44c1af60a210d8da28e108e13e75a284bf21a9afa6b4571f96ab8bb9d"},
    {file = "black-25.9.0-cp311-cp311-manylinux_2_17_x86_64.manylinux2014_x86_64.manylinux_2_28_x86_64.whl", hash = "sha256:aaf319612536d502fdd0e88ce52d8f1352b2c0a955cc2798f79eeca9d3af0608"},
    {file = "black-25.9.0-cp311-cp311-win_amd64.whl", hash = "sha256:c0372a93e16b3954208417bfe448e09b0de5cc721d521866cd9e0acac3c04a1f"},
    {file = "black-25.9.0-cp312-cp312-macosx_10_13_x86_64.whl", hash = "sha256:1b9dc70c21ef8b43248f1d86aedd2aaf75ae110b958a7909ad8463c4aa0880b0"},
    {file = "black-25.9.0-cp312-cp312-macosx_11_0_arm64.whl", hash = "sha256:8e46eecf65a095fa62e53245ae2795c90bdecabd53b50c448d0a8bcd0d2e74c4"},
    {file = "black-25.9.0-cp312-cp312-manylinux_2_17_x86_64.manylinux2014_x86_64.manylinux_2_28_x86_64.whl", hash = "sha256:9101ee58ddc2442199a25cb648d46ba22cd580b00ca4b44234a324e3ec7a0f7e"},
    {file = "black-25.9.0-cp312-cp312-win_amd64.whl", hash = "sha256:77e7060a00c5ec4b3367c55f39cf9b06e68965a4f2e61cecacd6d0d9b7ec945a"},
    {file = "black-25.9.0-cp313-cp313-macosx_10_13_x86_64.whl", hash = "sha256:0172a012f725b792c358d57fe7b6b6e8e67375dd157f64fa7a3097b3ed3e2175"},
    {file = "black-25.9.0-cp313-cp313-macosx_11_0_arm64.whl", hash = "sha256:3bec74ee60f8dfef564b573a96b8930f7b6a538e846123d5ad77ba14a8d7a64f"},
    {file = "black-25.9.0-cp313-cp313-manylinux_2_17_x86_64.manylinux2014_x86_64.manylinux_2_28_x86_64.whl", hash = "sha256:b756fc75871cb1bcac5499552d771822fd9db5a2bb8db2a7247936ca48f39831"},
    {file = "black-25.9.0-cp313-cp313-win_amd64.whl", hash = "sha256:846d58e3ce7879ec1ffe816bb9df6d006cd9590515ed5d17db14e17666b2b357"},
    {file = "black-25.9.0-cp39-cp39-macosx_10_9_x86_64.whl", hash = "sha256:ef69351df3c84485a8beb6f7b8f9721e2009e20ef80a8d619e2d1788b7816d47"},
    {file = "black-25.9.0-cp39-cp39-macosx_11_0_arm64.whl", hash = "sha256:e3c1f4cd5e93842774d9ee4ef6cd8d17790e65f44f7cdbaab5f2cf8ccf22a823"},
    {file = "black-25.9.0-cp39-cp39-manylinux_2_17_x86_64.manylinux2014_x86_64.manylinux_2_28_x86_64.whl", hash = "sha256:154b06d618233fe468236ba1f0e40823d4eb08b26f5e9261526fde34916b9140"},
    {file = "black-25.9.0-cp39-cp39-win_amd64.whl", hash = "sha256:e593466de7b998374ea2585a471ba90553283fb9beefcfa430d84a2651ed5933"},
    {file = "black-25.9.0-py3-none-any.whl", hash = "sha256:474b34c1342cdc157d307b56c4c65bce916480c4a8f6551fdc6bf9b486a7c4ae"},
    {file = "black-25.9.0.tar.gz", hash = "sha256:0474bca9a0dd1b51791fcc507a4e02078a1c63f6d4e4ae5544b9848c7adfb619"},
]

[package.dependencies]
click = ">=8.0.0"
mypy-extensions = ">=0.4.3"
packaging = ">=22.0"
pathspec = ">=0.9.0"
platformdirs = ">=2"
pytokens = ">=0.1.10"

[package.extras]
colorama = ["colorama (>=0.4.3)"]
d = ["aiohttp (>=3.10)"]
jupyter = ["ipython (>=7.8.0)", "tokenize-rt (>=3.2.0)"]
uvloop = ["uvloop (>=0.15.2)"]

[[package]]
name = "click"
version = "8.3.0"
description = "Composable command line interface toolkit"
optional = false
python-versions = ">=3.10"
groups = ["main"]
files = [
    {file = "click-8.3.0-py3-none-any.whl", hash = "sha256:9b9f285302c6e3064f4330c05f05b81945b2a39544279343e6e7c5f27a9baddc"},
    {file = "click-8.3.0.tar.gz", hash = "sha256:e7b8232224eba16f4ebe410c25ced9f7875cb5f3263ffc93cc3e8da705e229c4"},
]

[package.dependencies]
colorama = {version = "*", markers = "platform_system == \"Windows\""}

[[package]]
name = "colorama"
version = "0.4.6"
description = "Cross-platform colored terminal text."
optional = false
python-versions = "!=3.0.*,!=3.1.*,!=3.2.*,!=3.3.*,!=3.4.*,!=3.5.*,!=3.6.*,>=2.7"
groups = ["main"]
markers = "platform_system == \"Windows\""
files = [
    {file = "colorama-0.4.6-py2.py3-none-any.whl", hash = "sha256:4f1d9991f5acc0ca119f9d443620b77f9d6b33703e51011c16baf57afb285fc6"},
    {file = "colorama-0.4.6.tar.gz", hash = "sha256:08695f5cb7ed6e0531a20572697297273c47b8cae5a63ffc6d6ed5c201be6e44"},
]

[[package]]
name = "mypy-extensions"
version = "1.1.0"
description = "Type system extensions for programs checked with the mypy type checker."
optional = false
python-versions = ">=3.8"
groups = ["main"]
files = [
    {file = "mypy_extensions-1.1.0-py3-none-any.whl", hash = "sha256:1be4cccdb0f2482337c4743e60421de3a356cd97508abadd57d47403e94f5505"},
    {file = "mypy_extensions-1.1.0.tar.gz", hash = "sha256:52e68efc3284861e772bbcd66823fde5ae21fd2fdb51c62a211403730b916558"},
]

[[package]]
name = "numpy"
version = "2.3.3"
description = "Fundamental package for array computing in Python"
optional = false
python-versions = ">=3.11"
groups = ["main"]
files = [
    {file = "numpy-2.3.3-cp311-cp311-macosx_10_9_x86_64.whl", hash = "sha256:0ffc4f5caba7dfcbe944ed674b7eef683c7e94874046454bb79ed7ee0236f59d"},
    {file = "numpy-2.3.3-cp311-cp311-macosx_11_0_arm64.whl", hash = "sha256:e7e946c7170858a0295f79a60214424caac2ffdb0063d4d79cb681f9aa0aa569"},
    {file = "numpy-2.3.3-cp311-cp311-macosx_14_0_arm64.whl", hash = "sha256:cd4260f64bc794c3390a63bf0728220dd1a68170c169088a1e0dfa2fde1be12f"},
    {file = "numpy-2.3.3-cp311-cp311-macosx_14_0_x86_64.whl", hash = "sha256:f0ddb4b96a87b6728df9362135e764eac3cfa674499943ebc44ce96c478ab125"},
    {file = "numpy-2.3.3-cp311-cp311-manylinux_2_27_aarch64.manylinux_2_28_aarch64.whl", hash = "sha256:afd07d377f478344ec6ca2b8d4ca08ae8bd44706763d1efb56397de606393f48"},
    {file = "numpy-2.3.3-cp311-cp311-manylinux_2_27_x86_64.manylinux_2_28_x86_64.whl", hash = "sha256:bc92a5dedcc53857249ca51ef29f5e5f2f8c513e22cfb90faeb20343b8c6f7a6"},
    {file = "numpy-2.3.3-cp311-cp311-musllinux_1_2_aarch64.whl", hash = "sha256:7af05ed4dc19f308e1d9fc759f36f21921eb7bbfc82843eeec6b2a2863a0aefa"},
    {file = "numpy-2.3.3-cp311-cp311-musllinux_1_2_x86_64.whl", hash = "sha256:433bf137e338677cebdd5beac0199ac84712ad9d630b74eceeb759eaa45ddf30"},
    {file = "numpy-2.3.3-cp311-cp311-win32.whl", hash = "sha256:eb63d443d7b4ffd1e873f8155260d7f58e7e4b095961b01c91062935c2491e57"},
    {file = "numpy-2.3.3-cp311-cp311-win_amd64.whl", hash = "sha256:ec9d249840f6a565f58d8f913bccac2444235025bbb13e9a4681783572ee3caa"},
    {file = "numpy-2.3.3-cp311-cp311-win_arm64.whl", hash = "sha256:74c2a948d02f88c11a3c075d9733f1ae67d97c6bdb97f2bb542f980458b257e7"},
    {file = "numpy-2.3.3-cp312-cp312-macosx_10_13_x86_64.whl", hash = "sha256:cfdd09f9c84a1a934cde1eec2267f0a43a7cd44b2cca4ff95b7c0d14d144b0bf"},
    {file = "numpy-2.3.3-cp312-cp312-macosx_11_0_arm64.whl", hash = "sha256:cb32e3cf0f762aee47ad1ddc6672988f7f27045b0783c887190545baba73aa25"},
    {file = "numpy-2.3.3-cp312-cp312-macosx_14_0_arm64.whl", hash = "sha256:396b254daeb0a57b1fe0ecb5e3cff6fa79a380fa97c8f7781a6d08cd429418fe"},
    {file = "numpy-2.3.3-cp312-cp312-macosx_14_0_x86_64.whl", hash = "sha256:067e3d7159a5d8f8a0b46ee11148fc35ca9b21f61e3c49fbd0a027450e65a33b"},
    {file = "numpy-2.3.3-cp312-cp312-manylinux_2_27_aarch64.manylinux_2_28_aarch64.whl", hash = "sha256:1c02d0629d25d426585fb2e45a66154081b9fa677bc92a881ff1d216bc9919a8"},
    {file = "numpy-2.3.3-cp312-cp312-manylinux_2_27_x86_64.manylinux_2_28_x86_64.whl", hash = "sha256:d9192da52b9745f7f0766531dcfa978b7763916f158bb63bdb8a1eca0068ab20"},
    {file = "numpy-2.3.3-cp312-cp312-musllinux_1_2_aarch64.whl", hash = "sha256:cd7de500a5b66319db419dc3c345244404a164beae0d0937283b907d8152e6ea"},
    {file = "numpy-2.3.3-cp312-cp312-musllinux_1_2_x86_64.whl", hash = "sha256:93d4962d8f82af58f0b2eb85daaf1b3ca23fe0a85d0be8f1f2b7bb46034e56d7"},
    {file = "numpy-2.3.3-cp312-cp312-win32.whl", hash = "sha256:5534ed6b92f9b7dca6c0a19d6df12d41c68b991cef051d108f6dbff3babc4ebf"},
    {file = "numpy-2.3.3-cp312-cp312-win_amd64.whl", hash = "sha256:497d7cad08e7092dba36e3d296fe4c97708c93daf26643a1ae4b03f6294d30eb"},
    {file = "numpy-2.3.3-cp312-cp312-win_arm64.whl", hash = "sha256:ca0309a18d4dfea6fc6262a66d06c26cfe4640c3926ceec90e57791a82b6eee5"},
    {file = "numpy-2.3.3-cp313-cp313-macosx_10_13_x86_64.whl", hash = "sha256:f5415fb78995644253370985342cd03572ef8620b934da27d77377a2285955bf"},
    {file = "numpy-2.3.3-cp313-cp313-macosx_11_0_arm64.whl", hash = "sha256:d00de139a3324e26ed5b95870ce63be7ec7352171bc69a4cf1f157a48e3eb6b7"},
    {file = "numpy-2.3.3-cp313-cp313-macosx_14_0_arm64.whl", hash = "sha256:9dc13c6a5829610cc07422bc74d3ac083bd8323f14e2827d992f9e52e22cd6a6"},
    {file = "numpy-2.3.3-cp313-cp313-macosx_14_0_x86_64.whl", hash = "sha256:d79715d95f1894771eb4e60fb23f065663b2298f7d22945d66877aadf33d00c7"},
    {file = "numpy-2.3.3-cp313-cp313-manylinux_2_27_aarch64.manylinux_2_28_aarch64.whl", hash = "sha256:952cfd0748514ea7c3afc729a0fc639e61655ce4c55ab9acfab14bda4f402b4c"},
    {file = "numpy-2.3.3-cp313-cp313-manylinux_2_27_x86_64.manylinux_2_28_x86_64.whl", hash = "sha256:5b83648633d46f77039c29078751f80da65aa64d5622a3cd62aaef9d835b6c93"},
    {file = "numpy-2.3.3-cp313-cp313-musllinux_1_2_aarch64.whl", hash = "sha256:b001bae8cea1c7dfdb2ae2b017ed0a6f2102d7a70059df1e338e307a4c78a8ae"},
    {file = "numpy-2.3.3-cp313-cp313-musllinux_1_2_x86_64.whl", hash = "sha256:8e9aced64054739037d42fb84c54dd38b81ee238816c948c8f3ed134665dcd86"},
    {file = "numpy-2.3.3-cp313-cp313-win32.whl", hash = "sha256:9591e1221db3f37751e6442850429b3aabf7026d3b05542d102944ca7f00c8a8"},
    {file = "numpy-2.3.3-cp313-cp313-win_amd64.whl", hash = "sha256:f0dadeb302887f07431910f67a14d57209ed91130be0adea2f9793f1a4f817cf"},
    {file = "numpy-2.3.3-cp313-cp313-win_arm64.whl", hash = "sha256:3c7cf302ac6e0b76a64c4aecf1a09e51abd9b01fc7feee80f6c43e3ab1b1dbc5"},
    {file = "numpy-2.3.3-cp313-cp313t-macosx_10_13_x86_64.whl", hash = "sha256:eda59e44957d272846bb407aad19f89dc6f58fecf3504bd144f4c5cf81a7eacc"},
    {file = "numpy-2.3.3-cp313-cp313t-macosx_11_0_arm64.whl", hash = "sha256:823d04112bc85ef5c4fda73ba24e6096c8f869931405a80aa8b0e604510a26bc"},
    {file = "numpy-2.3.3-cp313-cp313t-macosx_14_0_arm64.whl", hash = "sha256:40051003e03db4041aa325da2a0971ba41cf65714e65d296397cc0e32de6018b"},
    {file = "numpy-2.3.3-cp313-cp313t-macosx_14_0_x86_64.whl", hash = "sha256:6ee9086235dd6ab7ae75aba5662f582a81ced49f0f1c6de4260a78d8f2d91a19"},
    {file = "numpy-2.3.3-cp313-cp313t-manylinux_2_27_aarch64.manylinux_2_28_aarch64.whl", hash = "sha256:94fcaa68757c3e2e668ddadeaa86ab05499a70725811e582b6a9858dd472fb30"},
    {file = "numpy-2.3.3-cp313-cp313t-manylinux_2_27_x86_64.manylinux_2_28_x86_64.whl", hash = "sha256:da1a74b90e7483d6ce5244053399a614b1d6b7bc30a60d2f570e5071f8959d3e"},
    {file = "numpy-2.3.3-cp313-cp313t-musllinux_1_2_aarch64.whl", hash = "sha256:2990adf06d1ecee3b3dcbb4977dfab6e9f09807598d647f04d385d29e7a3c3d3"},
    {file = "numpy-2.3.3-cp313-cp313t-musllinux_1_2_x86_64.whl", hash = "sha256:ed635ff692483b8e3f0fcaa8e7eb8a75ee71aa6d975388224f70821421800cea"},
    {file = "numpy-2.3.3-cp313-cp313t-win32.whl", hash = "sha256:a333b4ed33d8dc2b373cc955ca57babc00cd6f9009991d9edc5ddbc1bac36bcd"},
    {file = "numpy-2.3.3-cp313-cp313t-win_amd64.whl", hash = "sha256:4384a169c4d8f97195980815d6fcad04933a7e1ab3b530921c3fef7a1c63426d"},
    {file = "numpy-2.3.3-cp313-cp313t-win_arm64.whl", hash = "sha256:75370986cc0bc66f4ce5110ad35aae6d182cc4ce6433c40ad151f53690130bf1"},
    {file = "numpy-2.3.3-cp314-cp314-macosx_10_13_x86_64.whl", hash = "sha256:cd052f1fa6a78dee696b58a914b7229ecfa41f0a6d96dc663c1220a55e137593"},
    {file = "numpy-2.3.3-cp314-cp314-macosx_11_0_arm64.whl", hash = "sha256:414a97499480067d305fcac9716c29cf4d0d76db6ebf0bf3cbce666677f12652"},
    {file = "numpy-2.3.3-cp314-cp314-macosx_14_0_arm64.whl", hash = "sha256:50a5fe69f135f88a2be9b6ca0481a68a136f6febe1916e4920e12f1a34e708a7"},
    {file = "numpy-2.3.3-cp314-cp314-macosx_14_0_x86_64.whl", hash = "sha256:b912f2ed2b67a129e6a601e9d93d4fa37bef67e54cac442a2f588a54afe5c67a"},
    {file = "numpy-2.3.3-cp314-cp314-manylinux_2_27_aarch64.manylinux_2_28_aarch64.whl", hash = "sha256:9e318ee0596d76d4cb3d78535dc005fa60e5ea348cd131a51e99d0bdbe0b54fe"},
    {file = "numpy-2.3.3-cp314-cp314-manylinux_2_27_x86_64.manylinux_2_28_x86_64.whl", hash = "sha256:ce020080e4a52426202bdb6f7691c65bb55e49f261f31a8f506c9f6bc7450421"},
    {file = "numpy-2.3.3-cp314-cp314-musllinux_1_2_aarch64.whl", hash = "sha256:e6687dc183aa55dae4a705b35f9c0f8cb178bcaa2f029b241ac5356221d5c021"},
    {file = "numpy-2.3.3-cp314-cp314-musllinux_1_2_x86_64.whl", hash = "sha256:d8f3b1080782469fdc1718c4ed1d22549b5fb12af0d57d35e992158a772a37cf"},
    {file = "numpy-2.3.3-cp314-cp314-win32.whl", hash = "sha256:cb248499b0bc3be66ebd6578b83e5acacf1d6cb2a77f2248ce0e40fbec5a76d0"},
    {file = "numpy-2.3.3-cp314-cp314-win_amd64.whl", hash = "sha256:691808c2b26b0f002a032c73255d0bd89751425f379f7bcd22d140db593a96e8"},
    {file = "numpy-2.3.3-cp314-cp314-win_arm64.whl", hash = "sha256:9ad12e976ca7b10f1774b03615a2a4bab8addce37ecc77394d8e986927dc0dfe"},
    {file = "numpy-2.3.3-cp314-cp314t-macosx_10_13_x86_64.whl", hash = "sha256:9cc48e09feb11e1db00b320e9d30a4151f7369afb96bd0e48d942d09da3a0d00"},
    {file = "numpy-2.3.3-cp314-cp314t-macosx_11_0_arm64.whl", hash = "sha256:901bf6123879b7f251d3631967fd574690734236075082078e0571977c6a8e6a"},
    {file = "numpy-2.3.3-cp314-cp314t-macosx_14_0_arm64.whl", hash = "sha256:7f025652034199c301049296b59fa7d52c7e625017cae4c75d8662e377bf487d"},
    {file = "numpy-2.3.3-cp314-cp314t-macosx_14_0_x86_64.whl", hash = "sha256:533ca5f6d325c80b6007d4d7fb1984c303553534191024ec6a524a4c92a5935a"},
    {file = "numpy-2.3.3-cp314-cp314t-manylinux_2_27_aarch64.manylinux_2_28_aarch64.whl", hash = "sha256:0edd58682a399824633b66885d699d7de982800053acf20be1eaa46d92009c54"},
    {file = "numpy-2.3.3-cp314-cp314t-manylinux_2_27_x86_64.manylinux_2_28_x86_64.whl", hash = "sha256:367ad5d8fbec5d9296d18478804a530f1191e24ab4d75ab408346ae88045d25e"},
    {file = "numpy-2.3.3-cp314-cp314t-musllinux_1_2_aarch64.whl", hash = "sha256:8f6ac61a217437946a1fa48d24c47c91a0c4f725237871117dea264982128097"},
    {file = "numpy-2.3.3-cp314-cp314t-musllinux_1_2_x86_64.whl", hash = "sha256:179a42101b845a816d464b6fe9a845dfaf308fdfc7925387195570789bb2c970"},
    {file = "numpy-2.3.3-cp314-cp314t-win32.whl", hash = "sha256:1250c5d3d2562ec4174bce2e3a1523041595f9b651065e4a4473f5f48a6bc8a5"},
    {file = "numpy-2.3.3-cp314-cp314t-win_amd64.whl", hash = "sha256:b37a0b2e5935409daebe82c1e42274d30d9dd355852529eab91dab8dcca7419f"},
    {file = "numpy-2.3.3-cp314-cp314t-win_arm64.whl", hash = "sha256:78c9f6560dc7e6b3990e32df7ea1a50bbd0e2a111e05209963f5ddcab7073b0b"},
    {file = "numpy-2.3.3-pp311-pypy311_pp73-macosx_10_15_x86_64.whl", hash = "sha256:1e02c7159791cd481e1e6d5ddd766b62a4d5acf8df4d4d1afe35ee9c5c33a41e"},
    {file = "numpy-2.3.3-pp311-pypy311_pp73-macosx_11_0_arm64.whl", hash = "sha256:dca2d0fc80b3893ae72197b39f69d55a3cd8b17ea1b50aa4c62de82419936150"},
    {file = "numpy-2.3.3-pp311-pypy311_pp73-macosx_14_0_arm64.whl", hash = "sha256:99683cbe0658f8271b333a1b1b4bb3173750ad59c0c61f5bbdc5b318918fffe3"},
    {file = "numpy-2.3.3-pp311-pypy311_pp73-macosx_14_0_x86_64.whl", hash = "sha256:d9d537a39cc9de668e5cd0e25affb17aec17b577c6b3ae8a3d866b479fbe88d0"},
    {file = "numpy-2.3.3-pp311-pypy311_pp73-manylinux_2_27_aarch64.manylinux_2_28_aarch64.whl", hash = "sha256:8596ba2f8af5f93b01d97563832686d20206d303024777f6dfc2e7c7c3f1850e"},
    {file = "numpy-2.3.3-pp311-pypy311_pp73-manylinux_2_27_x86_64.manylinux_2_28_x86_64.whl", hash = "sha256:e1ec5615b05369925bd1125f27df33f3b6c8bc10d788d5999ecd8769a1fa04db"},
    {file = "numpy-2.3.3-pp311-pypy311_pp73-win_amd64.whl", hash = "sha256:2e267c7da5bf7309670523896df97f93f6e469fb931161f483cd6882b3b1a5dc"},
    {file = "numpy-2.3.3.tar.gz", hash = "sha256:ddc7c39727ba62b80dfdbedf400d1c10ddfa8eefbd7ec8dcb118be8b56d31029"},
]

[[package]]
name = "packaging"
version = "25.0"
description = "Core utilities for Python packages"
optional = false
python-versions = ">=3.8"
groups = ["main"]
files = [
    {file = "packaging-25.0-py3-none-any.whl", hash = "sha256:29572ef2b1f17581046b3a2227d5c611fb25ec70ca1ba8554b24b0e69331a484"},
    {file = "packaging-25.0.tar.gz", hash = "sha256:d443872c98d677bf60f6a1f2f8c1cb748e8fe762d2bf9d3148b5599295b0fc4f"},
]

[[package]]
name = "pathspec"
version = "0.12.1"
description = "Utility library for gitignore style pattern matching of file paths."
optional = false
python-versions = ">=3.8"
groups = ["main"]
files = [
    {file = "pathspec-0.12.1-py3-none-any.whl", hash = "sha256:a0d503e138a4c123b27490a4f7beda6a01c6f288df0e4a8b79c7eb0dc7b4cc08"},
    {file = "pathspec-0.12.1.tar.gz", hash = "sha256:a482d51503a1ab33b1c67a6c3813a26953dbdc71c31dacaef9a838c4e29f5712"},
]

[[package]]
name = "platformdirs"
version = "4.5.0"
description = "A small Python package for determining appropriate platform-specific dirs, e.g. a `user data dir`."
optional = false
python-versions = ">=3.10"
groups = ["main"]
files = [
    {file = "platformdirs-4.5.0-py3-none-any.whl", hash = "sha256:e578a81bb873cbb89a41fcc904c7ef523cc18284b7e3b3ccf06aca1403b7ebd3"},
    {file = "platformdirs-4.5.0.tar.gz", hash = "sha256:70ddccdd7c99fc5942e9fc25636a8b34d04c24b335100223152c2803e4063312"},
]

[package.extras]
docs = ["furo (>=2025.9.25)", "proselint (>=0.14)", "sphinx (>=8.2.3)", "sphinx-autodoc-typehints (>=3.2)"]
test = ["appdirs (==1.4.4)", "covdefaults (>=2.3)", "pytest (>=8.4.2)", "pytest-cov (>=7)", "pytest-mock (>=3.15.1)"]
type = ["mypy (>=1.18.2)"]

[[package]]
name = "pygame"
version = "2.6.1"
description = "Python Game Development"
optional = false
python-versions = ">=3.6"
groups = ["main"]
files = [
    {file = "pygame-2.6.1-cp310-cp310-macosx_10_9_x86_64.whl", hash = "sha256:9beeb647e555afb5657111fa83acb74b99ad88761108eaea66472e8b8547b55b"},
    {file = "pygame-2.6.1-cp310-cp310-macosx_11_0_arm64.whl", hash = "sha256:10e3d2a55f001f6c0a6eb44aa79ea7607091c9352b946692acedb2ac1482f1c9"},
    {file = "pygame-2.6.1-cp310-cp310-manylinux_2_17_aarch64.manylinux2014_aarch64.whl", hash = "sha256:816e85000c5d8b02a42b9834f761a5925ef3377d2924e3a7c4c143d2990ce5b8"},
    {file = "pygame-2.6.1-cp310-cp310-manylinux_2_17_i686.manylinux2014_i686.whl", hash = "sha256:8a78fd030d98faab4a8e27878536fdff7518d3e062a72761c552f624ebba5a5f"},
    {file = "pygame-2.6.1-cp310-cp310-manylinux_2_17_x86_64.manylinux2014_x86_64.whl", hash = "sha256:da3ad64d685f84a34ebe5daacb39fff14f1251acb34c098d760d63fee768f50c"},
    {file = "pygame-2.6.1-cp310-cp310-win32.whl", hash = "sha256:9dd5c054d4bd875a8caf978b82672f02bec332f52a833a76899220c460bb4b58"},
    {file = "pygame-2.6.1-cp310-cp310-win_amd64.whl", hash = "sha256:00827aba089355925902d533f9c41e79a799641f03746c50a374dc5c3362e43d"},
    {file = "pygame-2.6.1-cp311-cp311-macosx_10_9_x86_64.whl", hash = "sha256:20349195326a5e82a16e351ed93465a7845a7e2a9af55b7bc1b2110ea3e344e1"},
    {file = "pygame-2.6.1-cp311-cp311-macosx_11_0_arm64.whl", hash = "sha256:f3935459109da4bb0b3901da9904f0a3e52028a3332a355d298b1673a334cf21"},
    {file = "pygame-2.6.1-cp311-cp311-manylinux_2_17_aarch64.manylinux2014_aarch64.whl", hash = "sha256:c31dbdb5d0217f32764797d21c2752e258e5fb7e895326538d82b5f75a0cd856"},
    {file = "pygame-2.6.1-cp311-cp311-manylinux_2_17_i686.manylinux2014_i686.whl", hash = "sha256:173badf82fa198e6888017bea40f511cb28e69ecdd5a72b214e81e4dcd66c3b1"},
    {file = "pygame-2.6.1-cp311-cp311-manylinux_2_17_x86_64.manylinux2014_x86_64.whl", hash = "sha256:ce8cc108b92de9b149b344ad2e25eedbe773af0dc41dfb24d1f07f679b558c60"},
    {file = "pygame-2.6.1-cp311-cp311-win32.whl", hash = "sha256:811e7b925146d8149d79193652cbb83e0eca0aae66476b1cb310f0f4226b8b5c"},
    {file = "pygame-2.6.1-cp311-cp311-win_amd64.whl", hash = "sha256:91476902426facd4bb0dad4dc3b2573bc82c95c71b135e0daaea072ed528d299"},
    {file = "pygame-2.6.1-cp312-cp312-macosx_10_9_x86_64.whl", hash = "sha256:4ee7f2771f588c966fa2fa8b829be26698c9b4836f82ede5e4edc1a68594942e"},
    {file = "pygame-2.6.1-cp312-cp312-macosx_11_0_arm64.whl", hash = "sha256:c8040ea2ab18c6b255af706ec01355c8a6b08dc48d77fd4ee783f8fc46a843bf"},
    {file = "pygame-2.6.1-cp312-cp312-manylinux_2_17_aarch64.manylinux2014_aarch64.whl", hash = "sha256:c47a6938de93fa610accd4969e638c2aebcb29b2fca518a84c3a39d91ab47116"},
    {file = "pygame-2.6.1-cp312-cp312-manylinux_2_17_i686.manylinux2014_i686.whl", hash = "sha256:33006f784e1c7d7e466fcb61d5489da59cc5f7eb098712f792a225df1d4e229d"},
    {file = "pygame-2.6.1-cp312-cp312-manylinux_2_17_x86_64.manylinux2014_x86_64.whl", hash = "sha256:1206125f14cae22c44565c9d333607f1d9f59487b1f1432945dfc809aeaa3e88"},
    {file = "pygame-2.6.1-cp312-cp312-win32.whl", hash = "sha256:84fc4054e25262140d09d39e094f6880d730199710829902f0d8ceae0213379e"},
    {file = "pygame-2.6.1-cp312-cp312-win_amd64.whl", hash = "sha256:3a9e7396be0d9633831c3f8d5d82dd63ba373ad65599628294b7a4f8a5a01a65"},
    {file = "pygame-2.6.1-cp313-cp313-macosx_10_13_x86_64.whl", hash = "sha256:ae6039f3a55d800db80e8010f387557b528d34d534435e0871326804df2a62f2"},
    {file = "pygame-2.6.1-cp313-cp313-macosx_11_0_arm64.whl", hash = "sha256:2a3a1288e2e9b1e5834e425bedd5ba01a3cd4902b5c2bff8ed4a740ccfe98171"},
    {file = "pygame-2.6.1-cp313-cp313-manylinux_2_17_aarch64.manylinux2014_aarch64.whl", hash = "sha256:27eb17e3dc9640e4b4683074f1890e2e879827447770470c2aba9f125f74510b"},
    {file = "pygame-2.6.1-cp313-cp313-manylinux_2_17_i686.manylinux2014_i686.whl", hash = "sha256:4c1623180e70a03c4a734deb9bac50fc9c82942ae84a3a220779062128e75f3b"},
    {file = "pygame-2.6.1-cp313-cp313-manylinux_2_17_x86_64.manylinux2014_x86_64.whl", hash = "sha256:ef07c0103d79492c21fced9ad68c11c32efa6801ca1920ebfd0f15fb46c78b1c"},
    {file = "pygame-2.6.1-cp313-cp313-win32.whl", hash = "sha256:3acd8c009317190c2bfd81db681ecef47d5eb108c2151d09596d9c7ea9df5c0e"},
    {file = "pygame-2.6.1-cp313-cp313-win_amd64.whl", hash = "sha256:813af4fba5d0b2cb8e58f5d95f7910295c34067dcc290d34f1be59c48bd1ea6a"},
    {file = "pygame-2.6.1-cp36-cp36m-macosx_10_9_x86_64.whl", hash = "sha256:56ffca6059b165bbf64f4b4be23b8068f6a0e220780e4f96ec0bb5ac3c63ec39"},
    {file = "pygame-2.6.1-cp36-cp36m-manylinux_2_17_aarch64.manylinux2014_aarch64.whl", hash = "sha256:3bede70ec708057e305815d6546012669226d1d80566785feca9b044216062e7"},
    {file = "pygame-2.6.1-cp36-cp36m-manylinux_2_17_i686.manylinux2014_i686.whl", hash = "sha256:f84f15d146d6aa93254008a626c56ef96fed276006202881a47b29757f0cd65a"},
    {file = "pygame-2.6.1-cp36-cp36m-manylinux_2_17_x86_64.manylinux2014_x86_64.whl", hash = "sha256:14f9dda45469b254c0f15edaaeaa85d2cc072ff6a83584a265f5d684c7f7efd8"},
    {file = "pygame-2.6.1-cp36-cp36m-win32.whl", hash = "sha256:28b43190436037e428a5be28fc80cf6615304fd528009f2c688cc828f4ff104b"},
    {file = "pygame-2.6.1-cp36-cp36m-win_amd64.whl", hash = "sha256:a4b8f04fceddd9a3ac30778d11f0254f59efcd1c382d5801271113cea8b4f2f3"},
    {file = "pygame-2.6.1-cp37-cp37m-macosx_10_9_x86_64.whl", hash = "sha256:a620883d589926f157b8f1d1f543183ac52e5c30507dea445e3927ae0bee1c54"},
    {file = "pygame-2.6.1-cp37-cp37m-manylinux_2_17_aarch64.manylinux2014_aarch64.whl", hash = "sha256:b46e68cd168f44d0224c670bb72186688fc692d7079715f79d04096757d703d0"},
    {file = "pygame-2.6.1-cp37-cp37m-manylinux_2_17_i686.manylinux2014_i686.whl", hash = "sha256:c0b11356ac96261162d54a2c2b41a41978f00525631b01ec9c4fe26b01c66595"},
    {file = "pygame-2.6.1-cp37-cp37m-manylinux_2_17_x86_64.manylinux2014_x86_64.whl", hash = "sha256:325a84d072d52e3c2921eff02f87c6a74b7e77d71db3bdf53801c6c975f1b6c4"},
    {file = "pygame-2.6.1-cp37-cp37m-win32.whl", hash = "sha256:2a615d78b2364e86f541458ff41c2a46181b9a1e9eabd97b389282fdf04efbb3"},
    {file = "pygame-2.6.1-cp37-cp37m-win_amd64.whl", hash = "sha256:94afd1177680d92f9214c54966ad3517d18210c4fbc5d84a0192d218e93647e0"},
    {file = "pygame-2.6.1-cp38-cp38-macosx_10_9_x86_64.whl", hash = "sha256:97ac4e13847b6b293ecaffa5ffce9886c98d09c03309406931cc592f0cea6366"},
    {file = "pygame-2.6.1-cp38-cp38-macosx_11_0_arm64.whl", hash = "sha256:d1a7f2b66ac2e4c9583b6d4c6d6f346fb10a3392c04163f537061f86a448ed5c"},
    {file = "pygame-2.6.1-cp38-cp38-manylinux_2_17_aarch64.manylinux2014_aarch64.whl", hash = "sha256:ac3f033d2be4a9e23660a96afe2986df3a6916227538a6a0061bc218c5088507"},
    {file = "pygame-2.6.1-cp38-cp38-manylinux_2_17_i686.manylinux2014_i686.whl", hash = "sha256:a1bf7ab5311bbced70320f1a56701650b4c18231343ae5af42111eea91e0949a"},
    {file = "pygame-2.6.1-cp38-cp38-manylinux_2_17_x86_64.manylinux2014_x86_64.whl", hash = "sha256:21160d9093533eb831f1b708e630706e5ac16b30750571ec27bc3b8364814f38"},
    {file = "pygame-2.6.1-cp38-cp38-win32.whl", hash = "sha256:7bffdd3eaf394d9645331d1c3a5df9d782ebcc3c5a78f3b657c7879a828dd111"},
    {file = "pygame-2.6.1-cp38-cp38-win_amd64.whl", hash = "sha256:818b4eaec9c4acb6ac64805d4ca8edd4062bebca77bd815c18739fe2842c97e9"},
    {file = "pygame-2.6.1-cp39-cp39-macosx_10_9_x86_64.whl", hash = "sha256:15efaa11a80a65dd589a95bebe812fa5bfc7e14946b638a424c5bd9ac6cca1a4"},
    {file = "pygame-2.6.1-cp39-cp39-macosx_11_0_arm64.whl", hash = "sha256:481cfe1bdbb7fe00acc5950c494c26f00240888619bdc396fc8c39a734797432"},
    {file = "pygame-2.6.1-cp39-cp39-manylinux_2_17_aarch64.manylinux2014_aarch64.whl", hash = "sha256:5d09fd950725d187aa5207c0cb8eb9ab0d2f8ce9ab8d189c30eeb470e71b617e"},
    {file = "pygame-2.6.1-cp39-cp39-manylinux_2_17_i686.manylinux2014_i686.whl", hash = "sha256:163e66de169bd5670c86e27d0b74aad0d2d745e3b63cf4e7eb5b2bff1231ca8d"},
    {file = "pygame-2.6.1-cp39-cp39-manylinux_2_17_x86_64.manylinux2014_x86_64.whl", hash = "sha256:fb6e8d0547f30ddc845f4fd1e33070ef548233ad0dbf21f7ecea768883d1bbdc"},
    {file = "pygame-2.6.1-cp39-cp39-win32.whl", hash = "sha256:d29eb9a93f12aa3d997b6e3c447ac85b2a4b142ab2548441523a8fcf5e216042"},
    {file = "pygame-2.6.1-cp39-cp39-win_amd64.whl", hash = "sha256:6582aa71a681e02e55d43150a9ab41394e6bf4d783d2962a10aea58f424be060"},
    {file = "pygame-2.6.1-pp36-pypy36_pp73-win32.whl", hash = "sha256:4a8ea113b1bf627322a025a1a5a87e3818a7f55ab3a4077ff1ae5c8c60576614"},
    {file = "pygame-2.6.1-pp38-pypy38_pp73-macosx_10_9_x86_64.whl", hash = "sha256:b7f9f8e6f76de36f4725175d686601214af362a4f30614b4dae2240198e72e6f"},
    {file = "pygame-2.6.1-pp39-pypy39_pp73-macosx_10_15_x86_64.whl", hash = "sha256:bbb7167c92103a2091366e9af26d4914ba3776666e8677d3c93551353fffa626"},
    {file = "pygame-2.6.1-pp39-pypy39_pp73-manylinux_2_17_i686.manylinux2014_i686.whl", hash = "sha256:17498a2b043bc0e795faedef1b081199c688890200aef34991c1941caa2d2c89"},
    {file = "pygame-2.6.1-pp39-pypy39_pp73-manylinux_2_17_x86_64.manylinux2014_x86_64.whl", hash = "sha256:7103c60939bbc1e05cfc7ba3f1d2ad3bbf103b7828b82a7166a9ab6f51950146"},
    {file = "pygame-2.6.1.tar.gz", hash = "sha256:56fb02ead529cee00d415c3e007f75e0780c655909aaa8e8bf616ee09c9feb1f"},
]

[[package]]
name = "pyopengl"
version = "3.1.10"
description = "Standard OpenGL bindings for Python"
optional = false
python-versions = "*"
groups = ["main"]
files = [
    {file = "pyopengl-3.1.10-py3-none-any.whl", hash = "sha256:794a943daced39300879e4e47bd94525280685f42dbb5a998d336cfff151d74f"},
    {file = "pyopengl-3.1.10.tar.gz", hash = "sha256:c4a02d6866b54eb119c8e9b3fb04fa835a95ab802dd96607ab4cdb0012df8335"},
]

[[package]]
name = "pyopengl-accelerate"
version = "3.1.10"
description = "Cython-coded accelerators for PyOpenGL"
optional = false
python-versions = "*"
groups = ["main"]
files = [
    {file = "pyopengl_accelerate-3.1.10-cp310-cp310-macosx_11_0_arm64.whl", hash = "sha256:799b7ff0b2beaac92ec89e342147ae5f6b4e30acc60d124a48dec3fb2ee6c365"},
    {file = "pyopengl_accelerate-3.1.10-cp310-cp310-manylinux2014_x86_64.manylinux_2_17_x86_64.manylinux_2_28_x86_64.whl", hash = "sha256:448f1a7f31090b029ca9a4623ebe9bffa5497a579ae1f05aff2aa3c362ca1eb0"},
    {file = "pyopengl_accelerate-3.1.10-cp310-cp310-musllinux_1_2_x86_64.whl", hash = "sha256:4ee27dd972c0c633d09a76f35997ee7c3adf36ed13d78710d859245a4f968dc5"},
    {file = "pyopengl_accelerate-3.1.10-cp310-cp310-win32.whl", hash = "sha256:849e1d884ebb83ca016e7e0d8c336090a6236b91b8f1ad17258b31a49e0bd390"},
    {file = "pyopengl_accelerate-3.1.10-cp310-cp310-win_amd64.whl", hash = "sha256:d0a6129fe40c32b0ffdaa7386e80e8baae1a3312ac8bc7dc27436146938d5a94"},
    {file = "pyopengl_accelerate-3.1.10-cp311-cp311-macosx_11_0_arm64.whl", hash = "sha256:05ab94a380f5bc7a67a9e0b408f46aa369f390c6fa694e5732905a642257cb4b"},
    {file = "pyopengl_accelerate-3.1.10-cp311-cp311-manylinux2014_x86_64.manylinux_2_17_x86_64.manylinux_2_28_x86_64.whl", hash = "sha256:a52b001949f11879847a8d282081937b4097e6f0c479d539135587738874a2e3"},
    {file = "pyopengl_accelerate-3.1.10-cp311-cp311-musllinux_1_2_x86_64.whl", hash = "sha256:42317a5ac934447bc758fba67364d6fd41288068db6dfe5f57fe118b3908f58d"},
    {file = "pyopengl_accelerate-3.1.10-cp311-cp311-win32.whl", hash = "sha256:e3a3f92499d24241b5bdd1dba765c2f84f213c1262a6c71f298b40604987cd72"},
    {file = "pyopengl_accelerate-3.1.10-cp311-cp311-win_amd64.whl", hash = "sha256:c6647eff570c3e6a4d3ca714c144d841e61f6b5b103b805700ee536e2edf862f"},
    {file = "pyopengl_accelerate-3.1.10-cp312-cp312-macosx_11_0_arm64.whl", hash = "sha256:a0adc05a0585f98128dcfea80bca5fd016336a6f571a372721dc8e0406b12c2e"},
    {file = "pyopengl_accelerate-3.1.10-cp312-cp312-manylinux2014_x86_64.manylinux_2_17_x86_64.manylinux_2_28_x86_64.whl", hash = "sha256:3282e7edd22d7126a3874c08ebcb146122031d0cea774c52f872ae56aaf17f39"},
    {file = "pyopengl_accelerate-3.1.10-cp312-cp312-musllinux_1_2_x86_64.whl", hash = "sha256:7366b6be51aca799d6b4bfbe6a5e9e6e4b0968956d0920676498e6ac2b9ce028"},
    {file = "pyopengl_accelerate-3.1.10-cp312-cp312-win32.whl", hash = "sha256:f014f2f5a0d68c751ad31c89805c043a08c423a8d6d5e7be620f6d819c6fa971"},
    {file = "pyopengl_accelerate-3.1.10-cp312-cp312-win_amd64.whl", hash = "sha256:6fa0963d686462dc3a03d10123af385f012001c8b020e908774df29741136bd5"},
    {file = "pyopengl_accelerate-3.1.10-cp313-cp313-macosx_11_0_arm64.whl", hash = "sha256:bec9014f702997578b5e797d81b3e041cc5b41f0457c0184473f867c38d52665"},
    {file = "pyopengl_accelerate-3.1.10-cp313-cp313-manylinux2014_x86_64.manylinux_2_17_x86_64.manylinux_2_28_x86_64.whl", hash = "sha256:171e22f7d5055479b0bd7f98192525f8890af4bf19765bea7e860885cbce622e"},
    {file = "pyopengl_accelerate-3.1.10-cp313-cp313-musllinux_1_2_x86_64.whl", hash = "sha256:5eea15130bc248ca83dce31736afb190c21a0186aa02cefdf4019bc0f3f857f1"},
    {file = "pyopengl_accelerate-3.1.10-cp313-cp313-win32.whl", hash = "sha256:2354d2a2eb1266c984f061148460b2cb02146e90bd501b984d03bcc34f48b8d8"},
    {file = "pyopengl_accelerate-3.1.10-cp313-cp313-win_amd64.whl", hash = "sha256:551a46e907ea24884b6795b290b3b3b0618d217d38cf7cae9c825641375a74fe"},
    {file = "pyopengl_accelerate-3.1.10-cp314-cp314-macosx_11_0_arm64.whl", hash = "sha256:415b6ddceaa6a3fed699f1e7a6aac0de6f37e5ae19349c4ed3a7c38e17a8e09e"},
    {file = "pyopengl_accelerate-3.1.10-cp314-cp314-manylinux2014_x86_64.manylinux_2_17_x86_64.manylinux_2_28_x86_64.whl", hash = "sha256:d6b8aabfb227ad579f3dfabe8f0e9909026d1af540baf6405b38efa4f10fb9eb"},
    {file = "pyopengl_accelerate-3.1.10-cp314-cp314-musllinux_1_2_x86_64.whl", hash = "sha256:3d521cd41a4e62c38ec315770049dfc5c4b25e5c1debd4038cfbf75e05022f7c"},
    {file = "pyopengl_accelerate-3.1.10-cp314-cp314-win32.whl", hash = "sha256:fce5e6015ba2db99f0ebb07e4cd98ca4e70b419f186ea042cb70379228c1a339"},
    {file = "pyopengl_accelerate-3.1.10-cp314-cp314-win_amd64.whl", hash = "sha256:081b6b0f39f35f750ddf60fc865556e6d01481eb818ce1482f79cfde2abe598b"},
    {file = "pyopengl_accelerate-3.1.10-cp314-cp314t-macosx_11_0_arm64.whl", hash = "sha256:a35503ee877b35264172903eb6c8110b021531090a4647a81252f52a68757d4d"},
    {file = "pyopengl_accelerate-3.1.10-cp314-cp314t-manylinux2014_x86_64.manylinux_2_17_x86_64.manylinux_2_28_x86_64.whl", hash = "sha256:db2005912defa77a1e7390024d52b295c85a1c7ebd85ba073f1839d4bfffe855"},
    {file = "pyopengl_accelerate-3.1.10-cp314-cp314t-musllinux_1_2_x86_64.whl", hash = "sha256:fcf6827b1fff244ca6953068c17285b9eae173a20fccc1d9c193779f71b88d0f"},
    {file = "pyopengl_accelerate-3.1.10-cp314-cp314t-win32.whl", hash = "sha256:e55ea6a85894ad74d6f09953e3d359fe27def9fed220588787993e49e42db1d0"},
    {file = "pyopengl_accelerate-3.1.10-cp314-cp314t-win_amd64.whl", hash = "sha256:a2866cb65c45b013c2bf9995010824cc1b50ae91a4166746beb9ce241803e62a"},
    {file = "pyopengl_accelerate-3.1.10-cp38-cp38-macosx_11_0_arm64.whl", hash = "sha256:c38fd8adbca7641b5ed0c817400baf099867a3c930f3044576b04c5308c17627"},
    {file = "pyopengl_accelerate-3.1.10-cp38-cp38-manylinux2014_x86_64.manylinux_2_17_x86_64.manylinux_2_28_x86_64.whl", hash = "sha256:580a321c91e81b9297a097af1ecbb2e8c3136550d9a8db8d16dacc359823b7bd"},
    {file = "pyopengl_accelerate-3.1.10-cp38-cp38-musllinux_1_2_x86_64.whl", hash = "sha256:45445b842917e7f4580b755529bf4d2f7b49955b79298f261b378311ca10b130"},
    {file = "pyopengl_accelerate-3.1.10-cp38-cp38-win32.whl", hash = "sha256:aabaafcef403bc4360daab4f32f98f4ecc415bc07a947758fdf283c6ee8764dd"},
    {file = "pyopengl_accelerate-3.1.10-cp38-cp38-win_amd64.whl", hash = "sha256:e63225f9faf8634d0313b732911281ed2176af8ce9fba32d726fb31a336bcf92"},
    {file = "pyopengl_accelerate-3.1.10-cp39-cp39-macosx_11_0_arm64.whl", hash = "sha256:ed8cbbda84463489e4162e4fe7e4f6cadac5b4509bafdfef4890e08701cccd37"},
    {file = "pyopengl_accelerate-3.1.10-cp39-cp39-manylinux2014_x86_64.manylinux_2_17_x86_64.manylinux_2_28_x86_64.whl", hash = "sha256:854fc32d8ecbecb2f94c89ffcb222862b4258149d9c41c02782a25aac888e311"},
    {file = "pyopengl_accelerate-3.1.10-cp39-cp39-musllinux_1_2_x86_64.whl", hash = "sha256:c423f3b8eac64b9faadc71ba9727fb8b79725dabf1e4310c22a31c2edcd0e8ae"},
    {file = "pyopengl_accelerate-3.1.10-cp39-cp39-win32.whl", hash = "sha256:e2d88757815797a8e77d9455bbc4b0073b2245e8b23b335f1f951e3bb62db4ad"},
    {file = "pyopengl_accelerate-3.1.10-cp39-cp39-win_amd64.whl", hash = "sha256:ef70bee0453ee8bf802b573b265ad3f9220efc8f6b2d53fd441b126da28854df"},
    {file = "pyopengl_accelerate-3.1.10.tar.gz", hash = "sha256:82751c83f0a6f732b8b5923990edc2441d38176a98756b1718e8d6c4379f5a71"},
]

[[package]]
name = "pytokens"
version = "0.1.10"
description = "A Fast, spec compliant Python 3.12+ tokenizer that runs on older Pythons."
optional = false
python-versions = ">=3.8"
groups = ["main"]
files = [
    {file = "pytokens-0.1.10-py3-none-any.whl", hash = "sha256:db7b72284e480e69fb085d9f251f66b3d2df8b7166059261258ff35f50fb711b"},
    {file = "pytokens-0.1.10.tar.gz", hash = "sha256:c9a4bfa0be1d26aebce03e6884ba454e842f186a59ea43a6d3b25af58223c044"},
]

[package.extras]
dev = ["black", "build", "mypy", "pytest", "pytest-cov", "setuptools", "tox", "twine", "wheel"]

[metadata]
lock-version = "2.1"
python-versions = ">=3.13"
content-hash = "502bf43e39682cb60f1fbdd7b39aa2223a4c1428feb8ff5d952196a589d78ef9"
